
Microsoft Visual Studio Solution File, Format Version 12.00
# Visual Studio 15
VisualStudioVersion = 15.0.27428.2027
MinimumVisualStudioVersion = 10.0.40219.1
Project("{FAE04EC0-301F-11D3-BF4B-00C04F79EFBC}") = "WebSocketTransceiver", "WebSocketTransceiver\WebSocketTransceiver.csproj", "{B7B07ADB-B11A-4DC1-A485-ACF9090EDD30}"
EndProject
Project("{FAE04EC0-301F-11D3-BF4B-00C04F79EFBC}") = "NetworkInteraction", "NetworkInteraction\NetworkInteraction.csproj", "{0734727B-B2D1-473A-952C-C8A4C96F2877}"
EndProject
Project("{FAE04EC0-301F-11D3-BF4B-00C04F79EFBC}") = "BusinessLogic", "BusinessLogic\BusinessLogic.csproj", "{6299BA19-EC56-4304-8DC0-9862ACCA4DF4}"
EndProject
Project("{FAE04EC0-301F-11D3-BF4B-00C04F79EFBC}") = "ConnectionModule", "Modules\ConnectionModule\ConnectionModule.csproj", "{4B350930-6FC7-4CA9-B08B-1F8D14DEF53C}"
EndProject
Project("{FAE04EC0-301F-11D3-BF4B-00C04F79EFBC}") = "Common", "Common\Common.csproj", "{FA2027F3-41B9-465E-AB80-98989281E31B}"
EndProject
Project("{2150E333-8FDC-42A3-9474-1A3956D46DE8}") = "Modules", "Modules", "{2B1452B1-AF81-44DF-B870-7CFD636C0FAB}"
EndProject
Project("{FAE04EC0-301F-11D3-BF4B-00C04F79EFBC}") = "ChatModule", "ChatModule\ChatModule.csproj", "{ADD5F789-97A6-4AAA-8350-AE2CF67D5688}"
EndProject
Project("{FAE04EC0-301F-11D3-BF4B-00C04F79EFBC}") = "TextEditorModule", "TextEditorModule\TextEditorModule.csproj", "{322F1CBD-4A2A-4B4C-8FD6-43D9BD2420C4}"
EndProject
Global
	GlobalSection(SolutionConfigurationPlatforms) = preSolution
		Debug|Any CPU = Debug|Any CPU
		Release|Any CPU = Release|Any CPU
	EndGlobalSection
	GlobalSection(ProjectConfigurationPlatforms) = postSolution
		{B7B07ADB-B11A-4DC1-A485-ACF9090EDD30}.Debug|Any CPU.ActiveCfg = Debug|Any CPU
		{B7B07ADB-B11A-4DC1-A485-ACF9090EDD30}.Debug|Any CPU.Build.0 = Debug|Any CPU
		{B7B07ADB-B11A-4DC1-A485-ACF9090EDD30}.Release|Any CPU.ActiveCfg = Release|Any CPU
		{B7B07ADB-B11A-4DC1-A485-ACF9090EDD30}.Release|Any CPU.Build.0 = Release|Any CPU
		{0734727B-B2D1-473A-952C-C8A4C96F2877}.Debug|Any CPU.ActiveCfg = Debug|Any CPU
		{0734727B-B2D1-473A-952C-C8A4C96F2877}.Debug|Any CPU.Build.0 = Debug|Any CPU
		{0734727B-B2D1-473A-952C-C8A4C96F2877}.Release|Any CPU.ActiveCfg = Release|Any CPU
		{0734727B-B2D1-473A-952C-C8A4C96F2877}.Release|Any CPU.Build.0 = Release|Any CPU
		{6299BA19-EC56-4304-8DC0-9862ACCA4DF4}.Debug|Any CPU.ActiveCfg = Debug|Any CPU
		{6299BA19-EC56-4304-8DC0-9862ACCA4DF4}.Debug|Any CPU.Build.0 = Debug|Any CPU
		{6299BA19-EC56-4304-8DC0-9862ACCA4DF4}.Release|Any CPU.ActiveCfg = Release|Any CPU
		{6299BA19-EC56-4304-8DC0-9862ACCA4DF4}.Release|Any CPU.Build.0 = Release|Any CPU
		{4B350930-6FC7-4CA9-B08B-1F8D14DEF53C}.Debug|Any CPU.ActiveCfg = Debug|Any CPU
		{4B350930-6FC7-4CA9-B08B-1F8D14DEF53C}.Debug|Any CPU.Build.0 = Debug|Any CPU
		{4B350930-6FC7-4CA9-B08B-1F8D14DEF53C}.Release|Any CPU.ActiveCfg = Release|Any CPU
		{4B350930-6FC7-4CA9-B08B-1F8D14DEF53C}.Release|Any CPU.Build.0 = Release|Any CPU
		{FA2027F3-41B9-465E-AB80-98989281E31B}.Debug|Any CPU.ActiveCfg = Debug|Any CPU
		{FA2027F3-41B9-465E-AB80-98989281E31B}.Debug|Any CPU.Build.0 = Debug|Any CPU
		{FA2027F3-41B9-465E-AB80-98989281E31B}.Release|Any CPU.ActiveCfg = Release|Any CPU
		{FA2027F3-41B9-465E-AB80-98989281E31B}.Release|Any CPU.Build.0 = Release|Any CPU
		{ADD5F789-97A6-4AAA-8350-AE2CF67D5688}.Debug|Any CPU.ActiveCfg = Debug|Any CPU
		{ADD5F789-97A6-4AAA-8350-AE2CF67D5688}.Debug|Any CPU.Build.0 = Debug|Any CPU
		{ADD5F789-97A6-4AAA-8350-AE2CF67D5688}.Release|Any CPU.ActiveCfg = Release|Any CPU
		{ADD5F789-97A6-4AAA-8350-AE2CF67D5688}.Release|Any CPU.Build.0 = Release|Any CPU
		{322F1CBD-4A2A-4B4C-8FD6-43D9BD2420C4}.Debug|Any CPU.ActiveCfg = Debug|Any CPU
		{322F1CBD-4A2A-4B4C-8FD6-43D9BD2420C4}.Debug|Any CPU.Build.0 = Debug|Any CPU
		{322F1CBD-4A2A-4B4C-8FD6-43D9BD2420C4}.Release|Any CPU.ActiveCfg = Release|Any CPU
		{322F1CBD-4A2A-4B4C-8FD6-43D9BD2420C4}.Release|Any CPU.Build.0 = Release|Any CPU
	EndGlobalSection
	GlobalSection(SolutionProperties) = preSolution
		HideSolutionNode = FALSE
	EndGlobalSection
	GlobalSection(NestedProjects) = preSolution
		{4B350930-6FC7-4CA9-B08B-1F8D14DEF53C} = {2B1452B1-AF81-44DF-B870-7CFD636C0FAB}
		{ADD5F789-97A6-4AAA-8350-AE2CF67D5688} = {2B1452B1-AF81-44DF-B870-7CFD636C0FAB}
		{322F1CBD-4A2A-4B4C-8FD6-43D9BD2420C4} = {2B1452B1-AF81-44DF-B870-7CFD636C0FAB}
	EndGlobalSection
	GlobalSection(ExtensibilityGlobals) = postSolution
		SolutionGuid = {C615892F-A73F-4AE0-B5A4-6859BCB60B18}
	EndGlobalSection
EndGlobal
